PODS:
  - AudioKit/Core (4.11.2)
  - Bolts/Tasks (1.9.1)
  - Parse (1.19.3):
    - Parse/Core (= 1.19.3)
  - Parse/Core (1.19.3):
    - Bolts/Tasks (= 1.9.1)

DEPENDENCIES:
  - AudioKit/Core (~> 4.0)
  - Parse

SPEC REPOS:
  trunk:
    - AudioKit
    - Bolts
    - Parse

SPEC CHECKSUMS:
  AudioKit: 57cc61d708f085763a031e5c3f87adae21dc4b59
  Bolts: 8c1e8aab2f603387b8b9924f57d1d64f43d3ffdc
  Parse: 0abb63a0ff6fa34a3f64b81d595a294e2ece143a

PODFILE CHECKSUM: 8e140eafaf216a47541d7d5521f2a79d2c664b73

COCOAPODS: 1.11.3
